// !$*UTF8*$!
{
	archiveVersion = 1;
	classes = {
	};
	objectVersion = 56;
	objects = {

/* Begin PBXBuildFile section */
		291025E62B06615600D0EF74 /* SearchUserView.swift in Sources */ = {isa = PBXBuildFile; fileRef = 291025E52B06615600D0EF74 /* SearchUserView.swift */; };
		291025E82B0661E300D0EF74 /* LoaderView.swift in Sources */ = {isa = PBXBuildFile; fileRef = 291025E72B0661E300D0EF74 /* LoaderView.swift */; };
		2911702D2B0C05E80041DB78 /* LoadedContentView.swift in Sources */ = {isa = PBXBuildFile; fileRef = 2911702C2B0C05E80041DB78 /* LoadedContentView.swift */; };
		2911702F2B0C05F60041DB78 /* LoadingView.swift in Sources */ = {isa = PBXBuildFile; fileRef = 2911702E2B0C05F50041DB78 /* LoadingView.swift */; };
		291BC9CB2B081B6C00D1E14B /* ImageDownloader.swift in Sources */ = {isa = PBXBuildFile; fileRef = 291BC9CA2B081B6C00D1E14B /* ImageDownloader.swift */; };
		29205A8E2B16359C00339683 /* AchievementsView.swift in Sources */ = {isa = PBXBuildFile; fileRef = 29205A8D2B16359C00339683 /* AchievementsView.swift */; };
		29496E6F2B0A512F00764AE5 /* ProjectsUserView.swift in Sources */ = {isa = PBXBuildFile; fileRef = 29496E6E2B0A512F00764AE5 /* ProjectsUserView.swift */; };
		29496E712B0A739B00764AE5 /* ViewExtension.swift in Sources */ = {isa = PBXBuildFile; fileRef = 29496E702B0A739B00764AE5 /* ViewExtension.swift */; };
		29496E732B0A78F200764AE5 /* SectionUserView.swift in Sources */ = {isa = PBXBuildFile; fileRef = 29496E722B0A78F200764AE5 /* SectionUserView.swift */; };
		29496E752B0A7B6700764AE5 /* ProjectListView.swift in Sources */ = {isa = PBXBuildFile; fileRef = 29496E742B0A7B6700764AE5 /* ProjectListView.swift */; };
		295D57452B0F788B00D09E68 /* AuthenticatedView.swift in Sources */ = {isa = PBXBuildFile; fileRef = 295D57442B0F788B00D09E68 /* AuthenticatedView.swift */; };
		295D57482B0F78BA00D09E68 /* SafariView.swift in Sources */ = {isa = PBXBuildFile; fileRef = 295D57472B0F78BA00D09E68 /* SafariView.swift */; };
		295D574A2B0F78FD00D09E68 /* OAuthManager.swift in Sources */ = {isa = PBXBuildFile; fileRef = 295D57492B0F78FD00D09E68 /* OAuthManager.swift */; };
		295D574D2B0F7DCA00D09E68 /* IsAuthenticatedView.swift in Sources */ = {isa = PBXBuildFile; fileRef = 295D574C2B0F7DCA00D09E68 /* IsAuthenticatedView.swift */; };
		295D574F2B0F961F00D09E68 /* LocationsUserView.swift in Sources */ = {isa = PBXBuildFile; fileRef = 295D574E2B0F961F00D09E68 /* LocationsUserView.swift */; };
		2981A3412B08E77500D03C06 /* SVGImage.swift in Sources */ = {isa = PBXBuildFile; fileRef = 2981A3402B08E77500D03C06 /* SVGImage.swift */; };
		2981A3452B08FC3B00D03C06 /* HeaderUserInfoView.swift in Sources */ = {isa = PBXBuildFile; fileRef = 2981A3442B08FC3B00D03C06 /* HeaderUserInfoView.swift */; };
		2981A3482B09018900D03C06 /* ColorExtension.swift in Sources */ = {isa = PBXBuildFile; fileRef = 2981A3472B09018900D03C06 /* ColorExtension.swift */; };
		2981A34A2B090A3F00D03C06 /* HeaderView.swift in Sources */ = {isa = PBXBuildFile; fileRef = 2981A3492B090A3F00D03C06 /* HeaderView.swift */; };
		2981A34C2B0936D200D03C06 /* UserLevelBarView.swift in Sources */ = {isa = PBXBuildFile; fileRef = 2981A34B2B0936D200D03C06 /* UserLevelBarView.swift */; };
		29848FAE2B0B832800A265A9 /* TextStatusProjectView.swift in Sources */ = {isa = PBXBuildFile; fileRef = 29848FAD2B0B832800A265A9 /* TextStatusProjectView.swift */; };
		29848FB02B0B8A3000A265A9 /* SkillsUserView.swift in Sources */ = {isa = PBXBuildFile; fileRef = 29848FAF2B0B8A3000A265A9 /* SkillsUserView.swift */; };
		29917B692B05172300A867F2 /* Swift_CompanionApp.swift in Sources */ = {isa = PBXBuildFile; fileRef = 29917B682B05172300A867F2 /* Swift_CompanionApp.swift */; };
		29917B6B2B05172300A867F2 /* ContentView.swift in Sources */ = {isa = PBXBuildFile; fileRef = 29917B6A2B05172300A867F2 /* ContentView.swift */; };
		29917B6D2B05172500A867F2 /* Assets.xcassets in Resources */ = {isa = PBXBuildFile; fileRef = 29917B6C2B05172500A867F2 /* Assets.xcassets */; };
		29917B702B05172500A867F2 /* Preview Assets.xcassets in Resources */ = {isa = PBXBuildFile; fileRef = 29917B6F2B05172500A867F2 /* Preview Assets.xcassets */; };
		29917B772B05173600A867F2 /* APIRequest.swift in Sources */ = {isa = PBXBuildFile; fileRef = 29917B762B05173600A867F2 /* APIRequest.swift */; };
		29917B812B05406E00A867F2 /* TokenResponse.swift in Sources */ = {isa = PBXBuildFile; fileRef = 29917B802B05406E00A867F2 /* TokenResponse.swift */; };
		29917B842B0548B900A867F2 /* InfosAPI.plist in Resources */ = {isa = PBXBuildFile; fileRef = 29917B832B0548B900A867F2 /* InfosAPI.plist */; };
		29917B862B05651F00A867F2 /* UserDetails.swift in Sources */ = {isa = PBXBuildFile; fileRef = 29917B852B05651F00A867F2 /* UserDetails.swift */; };
		29CD62A92B14C215007A56FD /* UserDatas.swift in Sources */ = {isa = PBXBuildFile; fileRef = 29CD62A82B14C215007A56FD /* UserDatas.swift */; };
		29CD62AB2B14C254007A56FD /* ApiToken.swift in Sources */ = {isa = PBXBuildFile; fileRef = 29CD62AA2B14C254007A56FD /* ApiToken.swift */; };
		29CD62AE2B14C3E4007A56FD /* BackgroundImageView.swift in Sources */ = {isa = PBXBuildFile; fileRef = 29CD62AD2B14C3E4007A56FD /* BackgroundImageView.swift */; };
		29CD62B02B14C56C007A56FD /* LogoCoalitionView.swift in Sources */ = {isa = PBXBuildFile; fileRef = 29CD62AF2B14C56C007A56FD /* LogoCoalitionView.swift */; };
		29CD62B32B14C626007A56FD /* OtherInfosUserView.swift in Sources */ = {isa = PBXBuildFile; fileRef = 29CD62B22B14C626007A56FD /* OtherInfosUserView.swift */; };
		29CD62B52B14C6AE007A56FD /* CloseButtonView.swift in Sources */ = {isa = PBXBuildFile; fileRef = 29CD62B42B14C6AE007A56FD /* CloseButtonView.swift */; };
		29CD62C52B14DA5F007A56FD /* APIRequestTestCase.swift in Sources */ = {isa = PBXBuildFile; fileRef = 29CD62C42B14DA5F007A56FD /* APIRequestTestCase.swift */; };
		29CD62C62B14E360007A56FD /* APIRequest.swift in Sources */ = {isa = PBXBuildFile; fileRef = 29917B762B05173600A867F2 /* APIRequest.swift */; };
		29CD62C72B14E393007A56FD /* ApiToken.swift in Sources */ = {isa = PBXBuildFile; fileRef = 29CD62AA2B14C254007A56FD /* ApiToken.swift */; };
		29CD62C82B14EBFB007A56FD /* InfosAPI.plist in Resources */ = {isa = PBXBuildFile; fileRef = 29917B832B0548B900A867F2 /* InfosAPI.plist */; };
		29CD62C92B14F1C9007A56FD /* TokenResponse.swift in Sources */ = {isa = PBXBuildFile; fileRef = 29917B802B05406E00A867F2 /* TokenResponse.swift */; };
		29CD62CA2B14F1CC007A56FD /* UserDatas.swift in Sources */ = {isa = PBXBuildFile; fileRef = 29CD62A82B14C215007A56FD /* UserDatas.swift */; };
/* End PBXBuildFile section */

/* Begin PBXContainerItemProxy section */
		29CD62BF2B14D9E7007A56FD /* PBXContainerItemProxy */ = {
			isa = PBXContainerItemProxy;
			containerPortal = 29917B5D2B05172300A867F2 /* Project object */;
			proxyType = 1;
			remoteGlobalIDString = 29917B642B05172300A867F2;
			remoteInfo = "Swift-Companion";
		};
/* End PBXContainerItemProxy section */

/* Begin PBXFileReference section */
		291025E52B06615600D0EF74 /* SearchUserView.swift */ = {isa = PBXFileReference; lastKnownFileType = sourcecode.swift; path = SearchUserView.swift; sourceTree = "<group>"; };
		291025E72B0661E300D0EF74 /* LoaderView.swift */ = {isa = PBXFileReference; lastKnownFileType = sourcecode.swift; path = LoaderView.swift; sourceTree = "<group>"; };
		2911702C2B0C05E80041DB78 /* LoadedContentView.swift */ = {isa = PBXFileReference; lastKnownFileType = sourcecode.swift; path = LoadedContentView.swift; sourceTree = "<group>"; };
		2911702E2B0C05F50041DB78 /* LoadingView.swift */ = {isa = PBXFileReference; lastKnownFileType = sourcecode.swift; path = LoadingView.swift; sourceTree = "<group>"; };
		291BC9CA2B081B6C00D1E14B /* ImageDownloader.swift */ = {isa = PBXFileReference; lastKnownFileType = sourcecode.swift; path = ImageDownloader.swift; sourceTree = "<group>"; };
		29205A8D2B16359C00339683 /* AchievementsView.swift */ = {isa = PBXFileReference; lastKnownFileType = sourcecode.swift; path = AchievementsView.swift; sourceTree = "<group>"; };
		29496E6E2B0A512F00764AE5 /* ProjectsUserView.swift */ = {isa = PBXFileReference; lastKnownFileType = sourcecode.swift; path = ProjectsUserView.swift; sourceTree = "<group>"; };
		29496E702B0A739B00764AE5 /* ViewExtension.swift */ = {isa = PBXFileReference; lastKnownFileType = sourcecode.swift; path = ViewExtension.swift; sourceTree = "<group>"; };
		29496E722B0A78F200764AE5 /* SectionUserView.swift */ = {isa = PBXFileReference; lastKnownFileType = sourcecode.swift; path = SectionUserView.swift; sourceTree = "<group>"; };
		29496E742B0A7B6700764AE5 /* ProjectListView.swift */ = {isa = PBXFileReference; lastKnownFileType = sourcecode.swift; path = ProjectListView.swift; sourceTree = "<group>"; };
		295D57442B0F788B00D09E68 /* AuthenticatedView.swift */ = {isa = PBXFileReference; lastKnownFileType = sourcecode.swift; path = AuthenticatedView.swift; sourceTree = "<group>"; };
		295D57472B0F78BA00D09E68 /* SafariView.swift */ = {isa = PBXFileReference; lastKnownFileType = sourcecode.swift; path = SafariView.swift; sourceTree = "<group>"; };
		295D57492B0F78FD00D09E68 /* OAuthManager.swift */ = {isa = PBXFileReference; lastKnownFileType = sourcecode.swift; path = OAuthManager.swift; sourceTree = "<group>"; };
		295D574C2B0F7DCA00D09E68 /* IsAuthenticatedView.swift */ = {isa = PBXFileReference; lastKnownFileType = sourcecode.swift; path = IsAuthenticatedView.swift; sourceTree = "<group>"; };
		295D574E2B0F961F00D09E68 /* LocationsUserView.swift */ = {isa = PBXFileReference; lastKnownFileType = sourcecode.swift; path = LocationsUserView.swift; sourceTree = "<group>"; };
		2981A3402B08E77500D03C06 /* SVGImage.swift */ = {isa = PBXFileReference; lastKnownFileType = sourcecode.swift; path = SVGImage.swift; sourceTree = "<group>"; };
		2981A3442B08FC3B00D03C06 /* HeaderUserInfoView.swift */ = {isa = PBXFileReference; lastKnownFileType = sourcecode.swift; path = HeaderUserInfoView.swift; sourceTree = "<group>"; };
		2981A3472B09018900D03C06 /* ColorExtension.swift */ = {isa = PBXFileReference; lastKnownFileType = sourcecode.swift; path = ColorExtension.swift; sourceTree = "<group>"; };
		2981A3492B090A3F00D03C06 /* HeaderView.swift */ = {isa = PBXFileReference; lastKnownFileType = sourcecode.swift; path = HeaderView.swift; sourceTree = "<group>"; };
		2981A34B2B0936D200D03C06 /* UserLevelBarView.swift */ = {isa = PBXFileReference; lastKnownFileType = sourcecode.swift; path = UserLevelBarView.swift; sourceTree = "<group>"; };
		29848FAD2B0B832800A265A9 /* TextStatusProjectView.swift */ = {isa = PBXFileReference; lastKnownFileType = sourcecode.swift; path = TextStatusProjectView.swift; sourceTree = "<group>"; };
		29848FAF2B0B8A3000A265A9 /* SkillsUserView.swift */ = {isa = PBXFileReference; lastKnownFileType = sourcecode.swift; path = SkillsUserView.swift; sourceTree = "<group>"; };
		29917B652B05172300A867F2 /* Swift-Companion.app */ = {isa = PBXFileReference; explicitFileType = wrapper.application; includeInIndex = 0; path = "Swift-Companion.app"; sourceTree = BUILT_PRODUCTS_DIR; };
		29917B682B05172300A867F2 /* Swift_CompanionApp.swift */ = {isa = PBXFileReference; lastKnownFileType = sourcecode.swift; path = Swift_CompanionApp.swift; sourceTree = "<group>"; };
		29917B6A2B05172300A867F2 /* ContentView.swift */ = {isa = PBXFileReference; lastKnownFileType = sourcecode.swift; path = ContentView.swift; sourceTree = "<group>"; };
		29917B6C2B05172500A867F2 /* Assets.xcassets */ = {isa = PBXFileReference; lastKnownFileType = folder.assetcatalog; path = Assets.xcassets; sourceTree = "<group>"; };
		29917B6F2B05172500A867F2 /* Preview Assets.xcassets */ = {isa = PBXFileReference; lastKnownFileType = folder.assetcatalog; path = "Preview Assets.xcassets"; sourceTree = "<group>"; };
		29917B762B05173600A867F2 /* APIRequest.swift */ = {isa = PBXFileReference; lastKnownFileType = sourcecode.swift; path = APIRequest.swift; sourceTree = "<group>"; };
		29917B7C2B0531C700A867F2 /* Info.plist */ = {isa = PBXFileReference; lastKnownFileType = text.plist; path = Info.plist; sourceTree = "<group>"; };
		29917B802B05406E00A867F2 /* TokenResponse.swift */ = {isa = PBXFileReference; lastKnownFileType = sourcecode.swift; path = TokenResponse.swift; sourceTree = "<group>"; };
		29917B832B0548B900A867F2 /* InfosAPI.plist */ = {isa = PBXFileReference; lastKnownFileType = text.plist.xml; path = InfosAPI.plist; sourceTree = "<group>"; };
		29917B852B05651F00A867F2 /* UserDetails.swift */ = {isa = PBXFileReference; lastKnownFileType = sourcecode.swift; path = UserDetails.swift; sourceTree = "<group>"; };
		29CD62A82B14C215007A56FD /* UserDatas.swift */ = {isa = PBXFileReference; lastKnownFileType = sourcecode.swift; path = UserDatas.swift; sourceTree = "<group>"; };
		29CD62AA2B14C254007A56FD /* ApiToken.swift */ = {isa = PBXFileReference; lastKnownFileType = sourcecode.swift; path = ApiToken.swift; sourceTree = "<group>"; };
		29CD62AD2B14C3E4007A56FD /* BackgroundImageView.swift */ = {isa = PBXFileReference; lastKnownFileType = sourcecode.swift; path = BackgroundImageView.swift; sourceTree = "<group>"; };
		29CD62AF2B14C56C007A56FD /* LogoCoalitionView.swift */ = {isa = PBXFileReference; lastKnownFileType = sourcecode.swift; path = LogoCoalitionView.swift; sourceTree = "<group>"; };
		29CD62B22B14C626007A56FD /* OtherInfosUserView.swift */ = {isa = PBXFileReference; lastKnownFileType = sourcecode.swift; path = OtherInfosUserView.swift; sourceTree = "<group>"; };
		29CD62B42B14C6AE007A56FD /* CloseButtonView.swift */ = {isa = PBXFileReference; lastKnownFileType = sourcecode.swift; path = CloseButtonView.swift; sourceTree = "<group>"; };
		29CD62BB2B14D9E7007A56FD /* Swift-CompanionTests.xctest */ = {isa = PBXFileReference; explicitFileType = wrapper.cfbundle; includeInIndex = 0; path = "Swift-CompanionTests.xctest"; sourceTree = BUILT_PRODUCTS_DIR; };
		29CD62C42B14DA5F007A56FD /* APIRequestTestCase.swift */ = {isa = PBXFileReference; lastKnownFileType = sourcecode.swift; path = APIRequestTestCase.swift; sourceTree = "<group>"; };
/* End PBXFileReference section */

/* Begin PBXFrameworksBuildPhase section */
		29917B622B05172300A867F2 /* Frameworks */ = {
			isa = PBXFrameworksBuildPhase;
			buildActionMask = 2147483647;
			files = (
			);
			runOnlyForDeploymentPostprocessing = 0;
		};
		29CD62B82B14D9E7007A56FD /* Frameworks */ = {
			isa = PBXFrameworksBuildPhase;
			buildActionMask = 2147483647;
			files = (
			);
			runOnlyForDeploymentPostprocessing = 0;
		};
/* End PBXFrameworksBuildPhase section */

/* Begin PBXGroup section */
		291025E22B063F1C00D0EF74 /* Views */ = {
			isa = PBXGroup;
			children = (
				295D574B2B0F7DB000D09E68 /* IsAuthenticated */,
				295D57462B0F78A400D09E68 /* Safari */,
				295D57432B0F787000D09E68 /* Authenticated */,
				2981A3432B08FBF800D03C06 /* UserDetails */,
				2981A3422B08FBD800D03C06 /* SearchUser */,
				29917B6A2B05172300A867F2 /* ContentView.swift */,
				291025E72B0661E300D0EF74 /* LoaderView.swift */,
			);
			path = Views;
			sourceTree = "<group>";
		};
		291025E32B063F5600D0EF74 /* Models */ = {
			isa = PBXGroup;
			children = (
				29917B802B05406E00A867F2 /* TokenResponse.swift */,
				29CD62A82B14C215007A56FD /* UserDatas.swift */,
				29CD62AA2B14C254007A56FD /* ApiToken.swift */,
			);
			path = Models;
			sourceTree = "<group>";
		};
		291025E42B063F6200D0EF74 /* Services */ = {
			isa = PBXGroup;
			children = (
				2981A3402B08E77500D03C06 /* SVGImage.swift */,
				29917B762B05173600A867F2 /* APIRequest.swift */,
				291BC9CA2B081B6C00D1E14B /* ImageDownloader.swift */,
				295D57492B0F78FD00D09E68 /* OAuthManager.swift */,
			);
			path = Services;
			sourceTree = "<group>";
		};
		295D57432B0F787000D09E68 /* Authenticated */ = {
			isa = PBXGroup;
			children = (
				295D57442B0F788B00D09E68 /* AuthenticatedView.swift */,
			);
			path = Authenticated;
			sourceTree = "<group>";
		};
		295D57462B0F78A400D09E68 /* Safari */ = {
			isa = PBXGroup;
			children = (
				295D57472B0F78BA00D09E68 /* SafariView.swift */,
			);
			path = Safari;
			sourceTree = "<group>";
		};
		295D574B2B0F7DB000D09E68 /* IsAuthenticated */ = {
			isa = PBXGroup;
			children = (
				295D574C2B0F7DCA00D09E68 /* IsAuthenticatedView.swift */,
			);
			path = IsAuthenticated;
			sourceTree = "<group>";
		};
		2981A3422B08FBD800D03C06 /* SearchUser */ = {
			isa = PBXGroup;
			children = (
				291025E52B06615600D0EF74 /* SearchUserView.swift */,
				2911702C2B0C05E80041DB78 /* LoadedContentView.swift */,
				2911702E2B0C05F50041DB78 /* LoadingView.swift */,
			);
			path = SearchUser;
			sourceTree = "<group>";
		};
		2981A3432B08FBF800D03C06 /* UserDetails */ = {
			isa = PBXGroup;
			children = (
				29CD62AC2B14C3BB007A56FD /* Header */,
				29917B852B05651F00A867F2 /* UserDetails.swift */,
				2981A34B2B0936D200D03C06 /* UserLevelBarView.swift */,
				29496E6E2B0A512F00764AE5 /* ProjectsUserView.swift */,
				29496E722B0A78F200764AE5 /* SectionUserView.swift */,
				29496E742B0A7B6700764AE5 /* ProjectListView.swift */,
				29848FAD2B0B832800A265A9 /* TextStatusProjectView.swift */,
				29848FAF2B0B8A3000A265A9 /* SkillsUserView.swift */,
				295D574E2B0F961F00D09E68 /* LocationsUserView.swift */,
				29205A8D2B16359C00339683 /* AchievementsView.swift */,
			);
			path = UserDetails;
			sourceTree = "<group>";
		};
		2981A3462B09017600D03C06 /* Extensions */ = {
			isa = PBXGroup;
			children = (
				2981A3472B09018900D03C06 /* ColorExtension.swift */,
				29496E702B0A739B00764AE5 /* ViewExtension.swift */,
			);
			path = Extensions;
			sourceTree = "<group>";
		};
		29917B5C2B05172300A867F2 = {
			isa = PBXGroup;
			children = (
				29917B672B05172300A867F2 /* Swift-Companion */,
				29CD62BC2B14D9E7007A56FD /* Swift-CompanionTests */,
				29917B662B05172300A867F2 /* Products */,
			);
			sourceTree = "<group>";
		};
		29917B662B05172300A867F2 /* Products */ = {
			isa = PBXGroup;
			children = (
				29917B652B05172300A867F2 /* Swift-Companion.app */,
				29CD62BB2B14D9E7007A56FD /* Swift-CompanionTests.xctest */,
			);
			name = Products;
			sourceTree = "<group>";
		};
		29917B672B05172300A867F2 /* Swift-Companion */ = {
			isa = PBXGroup;
			children = (
				2981A3462B09017600D03C06 /* Extensions */,
				291025E42B063F6200D0EF74 /* Services */,
				291025E32B063F5600D0EF74 /* Models */,
				291025E22B063F1C00D0EF74 /* Views */,
				29917B7C2B0531C700A867F2 /* Info.plist */,
				29917B682B05172300A867F2 /* Swift_CompanionApp.swift */,
				29917B6C2B05172500A867F2 /* Assets.xcassets */,
				29917B6E2B05172500A867F2 /* Preview Content */,
				29917B832B0548B900A867F2 /* InfosAPI.plist */,
			);
			path = "Swift-Companion";
			sourceTree = "<group>";
		};
		29917B6E2B05172500A867F2 /* Preview Content */ = {
			isa = PBXGroup;
			children = (
				29917B6F2B05172500A867F2 /* Preview Assets.xcassets */,
			);
			path = "Preview Content";
			sourceTree = "<group>";
		};
		29CD62AC2B14C3BB007A56FD /* Header */ = {
			isa = PBXGroup;
			children = (
				2981A3442B08FC3B00D03C06 /* HeaderUserInfoView.swift */,
				2981A3492B090A3F00D03C06 /* HeaderView.swift */,
				29CD62AD2B14C3E4007A56FD /* BackgroundImageView.swift */,
				29CD62AF2B14C56C007A56FD /* LogoCoalitionView.swift */,
				29CD62B22B14C626007A56FD /* OtherInfosUserView.swift */,
				29CD62B42B14C6AE007A56FD /* CloseButtonView.swift */,
			);
			path = Header;
			sourceTree = "<group>";
		};
		29CD62BC2B14D9E7007A56FD /* Swift-CompanionTests */ = {
			isa = PBXGroup;
			children = (
				29CD62C42B14DA5F007A56FD /* APIRequestTestCase.swift */,
			);
			path = "Swift-CompanionTests";
			sourceTree = "<group>";
		};
/* End PBXGroup section */

/* Begin PBXNativeTarget section */
		29917B642B05172300A867F2 /* Swift-Companion */ = {
			isa = PBXNativeTarget;
			buildConfigurationList = 29917B732B05172500A867F2 /* Build configuration list for PBXNativeTarget "Swift-Companion" */;
			buildPhases = (
				29917B612B05172300A867F2 /* Sources */,
				29917B622B05172300A867F2 /* Frameworks */,
				29917B632B05172300A867F2 /* Resources */,
			);
			buildRules = (
			);
			dependencies = (
			);
			name = "Swift-Companion";
			productName = "Swift-Companion";
			productReference = 29917B652B05172300A867F2 /* Swift-Companion.app */;
			productType = "com.apple.product-type.application";
		};
		29CD62BA2B14D9E7007A56FD /* Swift-CompanionTests */ = {
			isa = PBXNativeTarget;
			buildConfigurationList = 29CD62C12B14D9E8007A56FD /* Build configuration list for PBXNativeTarget "Swift-CompanionTests" */;
			buildPhases = (
				29CD62B72B14D9E7007A56FD /* Sources */,
				29CD62B82B14D9E7007A56FD /* Frameworks */,
				29CD62B92B14D9E7007A56FD /* Resources */,
			);
			buildRules = (
			);
			dependencies = (
				29CD62C02B14D9E7007A56FD /* PBXTargetDependency */,
			);
			name = "Swift-CompanionTests";
			productName = "Swift-CompanionTests";
			productReference = 29CD62BB2B14D9E7007A56FD /* Swift-CompanionTests.xctest */;
			productType = "com.apple.product-type.bundle.unit-test";
		};
/* End PBXNativeTarget section */

/* Begin PBXProject section */
		29917B5D2B05172300A867F2 /* Project object */ = {
			isa = PBXProject;
			attributes = {
				BuildIndependentTargetsInParallel = 1;
				LastSwiftUpdateCheck = 1500;
				LastUpgradeCheck = 1500;
				TargetAttributes = {
					29917B642B05172300A867F2 = {
						CreatedOnToolsVersion = 15.0.1;
					};
					29CD62BA2B14D9E7007A56FD = {
						CreatedOnToolsVersion = 15.0.1;
						LastSwiftMigration = 1500;
						TestTargetID = 29917B642B05172300A867F2;
					};
				};
			};
			buildConfigurationList = 29917B602B05172300A867F2 /* Build configuration list for PBXProject "Swift-Companion" */;
			compatibilityVersion = "Xcode 14.0";
			developmentRegion = en;
			hasScannedForEncodings = 0;
			knownRegions = (
				en,
				Base,
			);
			mainGroup = 29917B5C2B05172300A867F2;
			productRefGroup = 29917B662B05172300A867F2 /* Products */;
			projectDirPath = "";
			projectRoot = "";
			targets = (
				29917B642B05172300A867F2 /* Swift-Companion */,
				29CD62BA2B14D9E7007A56FD /* Swift-CompanionTests */,
			);
		};
/* End PBXProject section */

/* Begin PBXResourcesBuildPhase section */
		29917B632B05172300A867F2 /* Resources */ = {
			isa = PBXResourcesBuildPhase;
			buildActionMask = 2147483647;
			files = (
				29917B842B0548B900A867F2 /* InfosAPI.plist in Resources */,
				29917B702B05172500A867F2 /* Preview Assets.xcassets in Resources */,
				29917B6D2B05172500A867F2 /* Assets.xcassets in Resources */,
			);
			runOnlyForDeploymentPostprocessing = 0;
		};
		29CD62B92B14D9E7007A56FD /* Resources */ = {
			isa = PBXResourcesBuildPhase;
			buildActionMask = 2147483647;
			files = (
				29CD62C82B14EBFB007A56FD /* InfosAPI.plist in Resources */,
			);
			runOnlyForDeploymentPostprocessing = 0;
		};
/* End PBXResourcesBuildPhase section */

/* Begin PBXSourcesBuildPhase section */
		29917B612B05172300A867F2 /* Sources */ = {
			isa = PBXSourcesBuildPhase;
			buildActionMask = 2147483647;
			files = (
				29917B6B2B05172300A867F2 /* ContentView.swift in Sources */,
				295D574A2B0F78FD00D09E68 /* OAuthManager.swift in Sources */,
				29CD62B32B14C626007A56FD /* OtherInfosUserView.swift in Sources */,
				29CD62B02B14C56C007A56FD /* LogoCoalitionView.swift in Sources */,
				29917B772B05173600A867F2 /* APIRequest.swift in Sources */,
				291BC9CB2B081B6C00D1E14B /* ImageDownloader.swift in Sources */,
				295D574F2B0F961F00D09E68 /* LocationsUserView.swift in Sources */,
				29917B812B05406E00A867F2 /* TokenResponse.swift in Sources */,
				2981A34C2B0936D200D03C06 /* UserLevelBarView.swift in Sources */,
				2911702F2B0C05F60041DB78 /* LoadingView.swift in Sources */,
				29496E6F2B0A512F00764AE5 /* ProjectsUserView.swift in Sources */,
				29CD62A92B14C215007A56FD /* UserDatas.swift in Sources */,
				291025E82B0661E300D0EF74 /* LoaderView.swift in Sources */,
				2981A3412B08E77500D03C06 /* SVGImage.swift in Sources */,
				291025E62B06615600D0EF74 /* SearchUserView.swift in Sources */,
				2911702D2B0C05E80041DB78 /* LoadedContentView.swift in Sources */,
				29848FAE2B0B832800A265A9 /* TextStatusProjectView.swift in Sources */,
				29496E712B0A739B00764AE5 /* ViewExtension.swift in Sources */,
				295D57482B0F78BA00D09E68 /* SafariView.swift in Sources */,
				29848FB02B0B8A3000A265A9 /* SkillsUserView.swift in Sources */,
				2981A34A2B090A3F00D03C06 /* HeaderView.swift in Sources */,
				29917B692B05172300A867F2 /* Swift_CompanionApp.swift in Sources */,
				29CD62AE2B14C3E4007A56FD /* BackgroundImageView.swift in Sources */,
				295D57452B0F788B00D09E68 /* AuthenticatedView.swift in Sources */,
				2981A3452B08FC3B00D03C06 /* HeaderUserInfoView.swift in Sources */,
				2981A3482B09018900D03C06 /* ColorExtension.swift in Sources */,
				295D574D2B0F7DCA00D09E68 /* IsAuthenticatedView.swift in Sources */,
				29CD62AB2B14C254007A56FD /* ApiToken.swift in Sources */,
				29917B862B05651F00A867F2 /* UserDetails.swift in Sources */,
				29CD62B52B14C6AE007A56FD /* CloseButtonView.swift in Sources */,
				29496E732B0A78F200764AE5 /* SectionUserView.swift in Sources */,
				29205A8E2B16359C00339683 /* AchievementsView.swift in Sources */,
				29496E752B0A7B6700764AE5 /* ProjectListView.swift in Sources */,
			);
			runOnlyForDeploymentPostprocessing = 0;
		};
		29CD62B72B14D9E7007A56FD /* Sources */ = {
			isa = PBXSourcesBuildPhase;
			buildActionMask = 2147483647;
			files = (
				29CD62C62B14E360007A56FD /* APIRequest.swift in Sources */,
				29CD62C72B14E393007A56FD /* ApiToken.swift in Sources */,
				29CD62C92B14F1C9007A56FD /* TokenResponse.swift in Sources */,
				29CD62CA2B14F1CC007A56FD /* UserDatas.swift in Sources */,
				29CD62C52B14DA5F007A56FD /* APIRequestTestCase.swift in Sources */,
			);
			runOnlyForDeploymentPostprocessing = 0;
		};
/* End PBXSourcesBuildPhase section */

/* Begin PBXTargetDependency section */
		29CD62C02B14D9E7007A56FD /* PBXTargetDependency */ = {
			isa = PBXTargetDependency;
			target = 29917B642B05172300A867F2 /* Swift-Companion */;
			targetProxy = 29CD62BF2B14D9E7007A56FD /* PBXContainerItemProxy */;
		};
/* End PBXTargetDependency section */

/* Begin XCBuildConfiguration section */
		29917B712B05172500A867F2 /* Debug */ = {
			isa = XCBuildConfiguration;
			buildSettings = {
				ALWAYS_SEARCH_USER_PATHS = NO;
				ASSETCATALOG_COMPILER_GENERATE_SWIFT_ASSET_SYMBOL_EXTENSIONS = YES;
				CLANG_ANALYZER_NONNULL = YES;
				CLANG_ANALYZER_NUMBER_OBJECT_CONVERSION = YES_AGGRESSIVE;
				CLANG_CXX_LANGUAGE_STANDARD = "gnu++20";
				CLANG_ENABLE_MODULES = YES;
				CLANG_ENABLE_OBJC_ARC = YES;
				CLANG_ENABLE_OBJC_WEAK = YES;
				CLANG_WARN_BLOCK_CAPTURE_AUTORELEASING = YES;
				CLANG_WARN_BOOL_CONVERSION = YES;
				CLANG_WARN_COMMA = YES;
				CLANG_WARN_CONSTANT_CONVERSION = YES;
				CLANG_WARN_DEPRECATED_OBJC_IMPLEMENTATIONS = YES;
				CLANG_WARN_DIRECT_OBJC_ISA_USAGE = YES_ERROR;
				CLANG_WARN_DOCUMENTATION_COMMENTS = YES;
				CLANG_WARN_EMPTY_BODY = YES;
				CLANG_WARN_ENUM_CONVERSION = YES;
				CLANG_WARN_INFINITE_RECURSION = YES;
				CLANG_WARN_INT_CONVERSION = YES;
				CLANG_WARN_NON_LITERAL_NULL_CONVERSION = YES;
				CLANG_WARN_OBJC_IMPLICIT_RETAIN_SELF = YES;
				CLANG_WARN_OBJC_LITERAL_CONVERSION = YES;
				CLANG_WARN_OBJC_ROOT_CLASS = YES_ERROR;
				CLANG_WARN_QUOTED_INCLUDE_IN_FRAMEWORK_HEADER = YES;
				CLANG_WARN_RANGE_LOOP_ANALYSIS = YES;
				CLANG_WARN_STRICT_PROTOTYPES = YES;
				CLANG_WARN_SUSPICIOUS_MOVE = YES;
				CLANG_WARN_UNGUARDED_AVAILABILITY = YES_AGGRESSIVE;
				CLANG_WARN_UNREACHABLE_CODE = YES;
				CLANG_WARN__DUPLICATE_METHOD_MATCH = YES;
				COPY_PHASE_STRIP = NO;
				DEBUG_INFORMATION_FORMAT = dwarf;
				ENABLE_STRICT_OBJC_MSGSEND = YES;
				ENABLE_TESTABILITY = YES;
				ENABLE_USER_SCRIPT_SANDBOXING = YES;
				GCC_C_LANGUAGE_STANDARD = gnu17;
				GCC_DYNAMIC_NO_PIC = NO;
				GCC_NO_COMMON_BLOCKS = YES;
				GCC_OPTIMIZATION_LEVEL = 0;
				GCC_PREPROCESSOR_DEFINITIONS = (
					"DEBUG=1",
					"$(inherited)",
				);
				GCC_WARN_64_TO_32_BIT_CONVERSION = YES;
				GCC_WARN_ABOUT_RETURN_TYPE = YES_ERROR;
				GCC_WARN_UNDECLARED_SELECTOR = YES;
				GCC_WARN_UNINITIALIZED_AUTOS = YES_AGGRESSIVE;
				GCC_WARN_UNUSED_FUNCTION = YES;
				GCC_WARN_UNUSED_VARIABLE = YES;
				IPHONEOS_DEPLOYMENT_TARGET = 17.0;
				LOCALIZATION_PREFERS_STRING_CATALOGS = YES;
				MTL_ENABLE_DEBUG_INFO = INCLUDE_SOURCE;
				MTL_FAST_MATH = YES;
				ONLY_ACTIVE_ARCH = YES;
				SDKROOT = iphoneos;
				SWIFT_ACTIVE_COMPILATION_CONDITIONS = "DEBUG $(inherited)";
				SWIFT_OPTIMIZATION_LEVEL = "-Onone";
			};
			name = Debug;
		};
		29917B722B05172500A867F2 /* Release */ = {
			isa = XCBuildConfiguration;
			buildSettings = {
				ALWAYS_SEARCH_USER_PATHS = NO;
				ASSETCATALOG_COMPILER_GENERATE_SWIFT_ASSET_SYMBOL_EXTENSIONS = YES;
				CLANG_ANALYZER_NONNULL = YES;
				CLANG_ANALYZER_NUMBER_OBJECT_CONVERSION = YES_AGGRESSIVE;
				CLANG_CXX_LANGUAGE_STANDARD = "gnu++20";
				CLANG_ENABLE_MODULES = YES;
				CLANG_ENABLE_OBJC_ARC = YES;
				CLANG_ENABLE_OBJC_WEAK = YES;
				CLANG_WARN_BLOCK_CAPTURE_AUTORELEASING = YES;
				CLANG_WARN_BOOL_CONVERSION = YES;
				CLANG_WARN_COMMA = YES;
				CLANG_WARN_CONSTANT_CONVERSION = YES;
				CLANG_WARN_DEPRECATED_OBJC_IMPLEMENTATIONS = YES;
				CLANG_WARN_DIRECT_OBJC_ISA_USAGE = YES_ERROR;
				CLANG_WARN_DOCUMENTATION_COMMENTS = YES;
				CLANG_WARN_EMPTY_BODY = YES;
				CLANG_WARN_ENUM_CONVERSION = YES;
				CLANG_WARN_INFINITE_RECURSION = YES;
				CLANG_WARN_INT_CONVERSION = YES;
				CLANG_WARN_NON_LITERAL_NULL_CONVERSION = YES;
				CLANG_WARN_OBJC_IMPLICIT_RETAIN_SELF = YES;
				CLANG_WARN_OBJC_LITERAL_CONVERSION = YES;
				CLANG_WARN_OBJC_ROOT_CLASS = YES_ERROR;
				CLANG_WARN_QUOTED_INCLUDE_IN_FRAMEWORK_HEADER = YES;
				CLANG_WARN_RANGE_LOOP_ANALYSIS = YES;
				CLANG_WARN_STRICT_PROTOTYPES = YES;
				CLANG_WARN_SUSPICIOUS_MOVE = YES;
				CLANG_WARN_UNGUARDED_AVAILABILITY = YES_AGGRESSIVE;
				CLANG_WARN_UNREACHABLE_CODE = YES;
				CLANG_WARN__DUPLICATE_METHOD_MATCH = YES;
				COPY_PHASE_STRIP = NO;
				DEBUG_INFORMATION_FORMAT = "dwarf-with-dsym";
				ENABLE_NS_ASSERTIONS = NO;
				ENABLE_STRICT_OBJC_MSGSEND = YES;
				ENABLE_USER_SCRIPT_SANDBOXING = YES;
				GCC_C_LANGUAGE_STANDARD = gnu17;
				GCC_NO_COMMON_BLOCKS = YES;
				GCC_WARN_64_TO_32_BIT_CONVERSION = YES;
				GCC_WARN_ABOUT_RETURN_TYPE = YES_ERROR;
				GCC_WARN_UNDECLARED_SELECTOR = YES;
				GCC_WARN_UNINITIALIZED_AUTOS = YES_AGGRESSIVE;
				GCC_WARN_UNUSED_FUNCTION = YES;
				GCC_WARN_UNUSED_VARIABLE = YES;
				IPHONEOS_DEPLOYMENT_TARGET = 17.0;
				LOCALIZATION_PREFERS_STRING_CATALOGS = YES;
				MTL_ENABLE_DEBUG_INFO = NO;
				MTL_FAST_MATH = YES;
				SDKROOT = iphoneos;
				SWIFT_COMPILATION_MODE = wholemodule;
				VALIDATE_PRODUCT = YES;
			};
			name = Release;
		};
		29917B742B05172500A867F2 /* Debug */ = {
			isa = XCBuildConfiguration;
			buildSettings = {
				ASSETCATALOG_COMPILER_APPICON_NAME = AppIcon;
				ASSETCATALOG_COMPILER_GLOBAL_ACCENT_COLOR_NAME = AccentColor;
				CODE_SIGN_STYLE = Automatic;
				CURRENT_PROJECT_VERSION = 1;
				DEVELOPMENT_ASSET_PATHS = "\"Swift-Companion/Preview Content\"";
				DEVELOPMENT_TEAM = K6C5P3CXYZ;
				ENABLE_PREVIEWS = YES;
				GENERATE_INFOPLIST_FILE = YES;
				INFOPLIST_FILE = "Swift-Companion/Info.plist";
				INFOPLIST_KEY_UIApplicationSceneManifest_Generation = YES;
				INFOPLIST_KEY_UIApplicationSupportsIndirectInputEvents = YES;
				INFOPLIST_KEY_UILaunchScreen_Generation = YES;
				INFOPLIST_KEY_UISupportedInterfaceOrientations = "UIInterfaceOrientationLandscapeLeft UIInterfaceOrientationLandscapeRight UIInterfaceOrientationPortrait UIInterfaceOrientationPortraitUpsideDown";
				INFOPLIST_KEY_UISupportedInterfaceOrientations_iPad = UIInterfaceOrientationPortrait;
				IPHONEOS_DEPLOYMENT_TARGET = 17.0;
				LD_RUNPATH_SEARCH_PATHS = (
					"$(inherited)",
					"@executable_path/Frameworks",
				);
				MARKETING_VERSION = 1.0;
				PRODUCT_BUNDLE_IDENTIFIER = "com.exemple.Swift-Companion";
				PRODUCT_NAME = "$(TARGET_NAME)";
				SWIFT_EMIT_LOC_STRINGS = YES;
				SWIFT_VERSION = 5.0;
				TARGETED_DEVICE_FAMILY = "1,2";
			};
			name = Debug;
		};
		29917B752B05172500A867F2 /* Release */ = {
			isa = XCBuildConfiguration;
			buildSettings = {
				ASSETCATALOG_COMPILER_APPICON_NAME = AppIcon;
				ASSETCATALOG_COMPILER_GLOBAL_ACCENT_COLOR_NAME = AccentColor;
				CODE_SIGN_STYLE = Automatic;
				CURRENT_PROJECT_VERSION = 1;
				DEVELOPMENT_ASSET_PATHS = "\"Swift-Companion/Preview Content\"";
				DEVELOPMENT_TEAM = K6C5P3CXYZ;
				ENABLE_PREVIEWS = YES;
				GENERATE_INFOPLIST_FILE = YES;
				INFOPLIST_FILE = "Swift-Companion/Info.plist";
				INFOPLIST_KEY_UIApplicationSceneManifest_Generation = YES;
				INFOPLIST_KEY_UIApplicationSupportsIndirectInputEvents = YES;
				INFOPLIST_KEY_UILaunchScreen_Generation = YES;
				INFOPLIST_KEY_UISupportedInterfaceOrientations = "UIInterfaceOrientationLandscapeLeft UIInterfaceOrientationLandscapeRight UIInterfaceOrientationPortrait UIInterfaceOrientationPortraitUpsideDown";
				INFOPLIST_KEY_UISupportedInterfaceOrientations_iPad = UIInterfaceOrientationPortrait;
				IPHONEOS_DEPLOYMENT_TARGET = 17.0;
				LD_RUNPATH_SEARCH_PATHS = (
					"$(inherited)",
					"@executable_path/Frameworks",
				);
				MARKETING_VERSION = 1.0;
				PRODUCT_BUNDLE_IDENTIFIER = "com.exemple.Swift-Companion";
				PRODUCT_NAME = "$(TARGET_NAME)";
				SWIFT_EMIT_LOC_STRINGS = YES;
				SWIFT_VERSION = 5.0;
				TARGETED_DEVICE_FAMILY = "1,2";
			};
			name = Release;
		};
		29CD62C22B14D9E8007A56FD /* Debug */ = {
			isa = XCBuildConfiguration;
			buildSettings = {
				BUNDLE_LOADER = "$(TEST_HOST)";
				CLANG_ENABLE_MODULES = YES;
				CODE_SIGN_STYLE = Automatic;
				CURRENT_PROJECT_VERSION = 1;
				DEVELOPMENT_TEAM = K6C5P3CXYZ;
				GENERATE_INFOPLIST_FILE = YES;
				MARKETING_VERSION = 1.0;
				PRODUCT_BUNDLE_IDENTIFIER = "com.exemple.Swift-CompanionTests";
				PRODUCT_NAME = "$(TARGET_NAME)";
				SWIFT_EMIT_LOC_STRINGS = NO;
				SWIFT_OPTIMIZATION_LEVEL = "-Onone";
				SWIFT_VERSION = 5.0;
				TARGETED_DEVICE_FAMILY = "1,2";
				TEST_HOST = "$(BUILT_PRODUCTS_DIR)/Swift-Companion.app/$(BUNDLE_EXECUTABLE_FOLDER_PATH)/Swift-Companion";
			};
			name = Debug;
		};
		29CD62C32B14D9E8007A56FD /* Release */ = {
			isa = XCBuildConfiguration;
			buildSettings = {
				BUNDLE_LOADER = "$(TEST_HOST)";
				CLANG_ENABLE_MODULES = YES;
				CODE_SIGN_STYLE = Automatic;
				CURRENT_PROJECT_VERSION = 1;
				DEVELOPMENT_TEAM = K6C5P3CXYZ;
				GENERATE_INFOPLIST_FILE = YES;
				MARKETING_VERSION = 1.0;
				PRODUCT_BUNDLE_IDENTIFIER = "com.exemple.Swift-CompanionTests";
				PRODUCT_NAME = "$(TARGET_NAME)";
				SWIFT_EMIT_LOC_STRINGS = NO;
				SWIFT_VERSION = 5.0;
				TARGETED_DEVICE_FAMILY = "1,2";
				TEST_HOST = "$(BUILT_PRODUCTS_DIR)/Swift-Companion.app/$(BUNDLE_EXECUTABLE_FOLDER_PATH)/Swift-Companion";
			};
			name = Release;
		};
/* End XCBuildConfiguration section */

/* Begin XCConfigurationList section */
		29917B602B05172300A867F2 /* Build configuration list for PBXProject "Swift-Companion" */ = {
			isa = XCConfigurationList;
			buildConfigurations = (
				29917B712B05172500A867F2 /* Debug */,
				29917B722B05172500A867F2 /* Release */,
			);
			defaultConfigurationIsVisible = 0;
			defaultConfigurationName = Release;
		};
		29917B732B05172500A867F2 /* Build configuration list for PBXNativeTarget "Swift-Companion" */ = {
			isa = XCConfigurationList;
			buildConfigurations = (
				29917B742B05172500A867F2 /* Debug */,
				29917B752B05172500A867F2 /* Release */,
			);
			defaultConfigurationIsVisible = 0;
			defaultConfigurationName = Release;
		};
		29CD62C12B14D9E8007A56FD /* Build configuration list for PBXNativeTarget "Swift-CompanionTests" */ = {
			isa = XCConfigurationList;
			buildConfigurations = (
				29CD62C22B14D9E8007A56FD /* Debug */,
				29CD62C32B14D9E8007A56FD /* Release */,
			);
			defaultConfigurationIsVisible = 0;
			defaultConfigurationName = Release;
		};
/* End XCConfigurationList section */
	};
	rootObject = 29917B5D2B05172300A867F2 /* Project object */;
}
